
Microsoft Visual Studio Solution File, Format Version 12.00
# Visual Studio Version 17
VisualStudioVersion = 17.7.34221.43
MinimumVisualStudioVersion = 10.0.40219.1
Project("{9A19103F-16F7-4668-BE54-9A1E7A4F7556}") = "HelloWorld", "HelloWorld\HelloWorld.csproj", "{127A2110-67CE-41F4-B2F7-022B684C9401}"
EndProject
Project("{9A19103F-16F7-4668-BE54-9A1E7A4F7556}") = "HelooWorld2", "HelooWorld2\HelooWorld2.csproj", "{EB8ED9A0-8E25-448B-923A-4AC922E504F4}"
EndProject
Project("{9A19103F-16F7-4668-BE54-9A1E7A4F7556}") = "Helloworld3", "Helloworld3\Helloworld3.csproj", "{6D1BF8E9-5D35-42A6-9F34-817B2F6A6A9C}"
EndProject
Project("{9A19103F-16F7-4668-BE54-9A1E7A4F7556}") = "TypeValidation", "TypeValidation\TypeValidation.csproj", "{95D570D7-DFE6-4CAB-A1A1-9AE56360C560}"
EndProject
Project("{9A19103F-16F7-4668-BE54-9A1E7A4F7556}") = "AddNumbersConsole", "AddNumbersConsole\AddNumbersConsole.csproj", "{52778767-C3BA-4011-9772-68BE7737DD17}"
EndProject
Project("{9A19103F-16F7-4668-BE54-9A1E7A4F7556}") = "AddNumbersLibrary", "AddNumbersLibrary\AddNumbersLibrary.csproj", "{4EBDDDFF-BE10-4A71-A338-126416670AB0}"
EndProject
Project("{9A19103F-16F7-4668-BE54-9A1E7A4F7556}") = "EmployeeDataTypeValid", "EmployeeDataTypeValid\EmployeeDataTypeValid.csproj", "{A1D7454B-A4EC-426F-8F85-410DCF796585}"
EndProject
Project("{9A19103F-16F7-4668-BE54-9A1E7A4F7556}") = "EnumProjectDemo", "EnumProjectDemo\EnumProjectDemo.csproj", "{E661BF05-6465-474E-8E52-66952472C2E7}"
EndProject
Project("{9A19103F-16F7-4668-BE54-9A1E7A4F7556}") = "DelegateDemo", "DelidateDemo\DelegateDemo.csproj", "{A17E57C7-C7E1-4CDC-9115-AE8FF7E1FED0}"
EndProject
Project("{9A19103F-16F7-4668-BE54-9A1E7A4F7556}") = "IndexerDemo", "IndexerDemo\IndexerDemo.csproj", "{A59B33C0-2116-4D90-ABB4-C5E970D1FEFE}"
EndProject
Project("{9A19103F-16F7-4668-BE54-9A1E7A4F7556}") = "InhertanceDemo", "InhertanceDemo\InhertanceDemo.csproj", "{BF2AF256-A14E-447A-BF15-3E6BAA766711}"
EndProject
Project("{9A19103F-16F7-4668-BE54-9A1E7A4F7556}") = "ShapeDemo", "ShapeDemo\ShapeDemo.csproj", "{27C8D7EF-38CE-44ED-9578-7D0246F62F97}"
EndProject
Project("{9A19103F-16F7-4668-BE54-9A1E7A4F7556}") = "ClassTypeDemo", "ClassTypeDemo\ClassTypeDemo.csproj", "{E4ED1D0C-CB89-439E-A252-C5FB6A1CA173}"
EndProject
Project("{9A19103F-16F7-4668-BE54-9A1E7A4F7556}") = "ComplexDemo", "ComplexDemo\ComplexDemo.csproj", "{2D887210-C52A-4B8F-895F-82F4634E60AB}"
EndProject
Project("{9A19103F-16F7-4668-BE54-9A1E7A4F7556}") = "GenericsDemo", "GenericsDemo\GenericsDemo.csproj", "{CF93EA18-1093-46FC-9F05-DD80E9BFBA94}"
EndProject
Project("{9A19103F-16F7-4668-BE54-9A1E7A4F7556}") = "UserDefinedException", "UserDefinedException\UserDefinedException.csproj", "{8814186C-5A7F-4F27-886D-3538500F1CC4}"
EndProject
Project("{9A19103F-16F7-4668-BE54-9A1E7A4F7556}") = "EventDemo", "EventDemo\EventDemo.csproj", "{F25EA18F-BCA5-4718-B1D7-D0A47455B86D}"
EndProject
Project("{9A19103F-16F7-4668-BE54-9A1E7A4F7556}") = "NonGenericCollections", "NonGenericCollections\NonGenericCollections.csproj", "{41C998E1-678F-4668-AC0F-C858B104E737}"
EndProject
Project("{9A19103F-16F7-4668-BE54-9A1E7A4F7556}") = "HashTableDemo", "HashTableDemo\HashTableDemo.csproj", "{F488D82C-E25A-48BC-BEB7-345301206DCF}"
EndProject
Project("{9A19103F-16F7-4668-BE54-9A1E7A4F7556}") = "EventDeligateVilla", "EventDeligateVilla\EventDeligateVilla.csproj", "{2ECDD3CA-9EB9-48B2-92A4-5DEAC4366437}"
EndProject
Project("{9A19103F-16F7-4668-BE54-9A1E7A4F7556}") = "ListDemoFood", "ListDemoFood\ListDemoFood.csproj", "{4B2C940F-84E5-4F11-AD91-A8761DEC9C1F}"
EndProject
Project("{9A19103F-16F7-4668-BE54-9A1E7A4F7556}") = "DictionaryCurrencyDemo", "DictionaryUserDemo\DictionaryCurrencyDemo.csproj", "{04B1033D-FEF7-41FC-840C-C7C92F42FCCF}"
EndProject
Project("{9A19103F-16F7-4668-BE54-9A1E7A4F7556}") = "CSharp3Feature", "CSharp3Feature\CSharp3Feature.csproj", "{D2FAB97C-55FB-4861-B601-829A5521A893}"
EndProject
Global
	GlobalSection(SolutionConfigurationPlatforms) = preSolution
		Debug|Any CPU = Debug|Any CPU
		Release|Any CPU = Release|Any CPU
	EndGlobalSection
	GlobalSection(ProjectConfigurationPlatforms) = postSolution
		{127A2110-67CE-41F4-B2F7-022B684C9401}.Debug|Any CPU.ActiveCfg = Debug|Any CPU
		{127A2110-67CE-41F4-B2F7-022B684C9401}.Debug|Any CPU.Build.0 = Debug|Any CPU
		{127A2110-67CE-41F4-B2F7-022B684C9401}.Release|Any CPU.ActiveCfg = Release|Any CPU
		{127A2110-67CE-41F4-B2F7-022B684C9401}.Release|Any CPU.Build.0 = Release|Any CPU
		{EB8ED9A0-8E25-448B-923A-4AC922E504F4}.Debug|Any CPU.ActiveCfg = Debug|Any CPU
		{EB8ED9A0-8E25-448B-923A-4AC922E504F4}.Debug|Any CPU.Build.0 = Debug|Any CPU
		{EB8ED9A0-8E25-448B-923A-4AC922E504F4}.Release|Any CPU.ActiveCfg = Release|Any CPU
		{EB8ED9A0-8E25-448B-923A-4AC922E504F4}.Release|Any CPU.Build.0 = Release|Any CPU
		{6D1BF8E9-5D35-42A6-9F34-817B2F6A6A9C}.Debug|Any CPU.ActiveCfg = Debug|Any CPU
		{6D1BF8E9-5D35-42A6-9F34-817B2F6A6A9C}.Debug|Any CPU.Build.0 = Debug|Any CPU
		{6D1BF8E9-5D35-42A6-9F34-817B2F6A6A9C}.Release|Any CPU.ActiveCfg = Release|Any CPU
		{6D1BF8E9-5D35-42A6-9F34-817B2F6A6A9C}.Release|Any CPU.Build.0 = Release|Any CPU
		{95D570D7-DFE6-4CAB-A1A1-9AE56360C560}.Debug|Any CPU.ActiveCfg = Debug|Any CPU
		{95D570D7-DFE6-4CAB-A1A1-9AE56360C560}.Debug|Any CPU.Build.0 = Debug|Any CPU
		{95D570D7-DFE6-4CAB-A1A1-9AE56360C560}.Release|Any CPU.ActiveCfg = Release|Any CPU
		{95D570D7-DFE6-4CAB-A1A1-9AE56360C560}.Release|Any CPU.Build.0 = Release|Any CPU
		{52778767-C3BA-4011-9772-68BE7737DD17}.Debug|Any CPU.ActiveCfg = Debug|Any CPU
		{52778767-C3BA-4011-9772-68BE7737DD17}.Debug|Any CPU.Build.0 = Debug|Any CPU
		{52778767-C3BA-4011-9772-68BE7737DD17}.Release|Any CPU.ActiveCfg = Release|Any CPU
		{52778767-C3BA-4011-9772-68BE7737DD17}.Release|Any CPU.Build.0 = Release|Any CPU
		{4EBDDDFF-BE10-4A71-A338-126416670AB0}.Debug|Any CPU.ActiveCfg = Debug|Any CPU
		{4EBDDDFF-BE10-4A71-A338-126416670AB0}.Debug|Any CPU.Build.0 = Debug|Any CPU
		{4EBDDDFF-BE10-4A71-A338-126416670AB0}.Release|Any CPU.ActiveCfg = Release|Any CPU
		{4EBDDDFF-BE10-4A71-A338-126416670AB0}.Release|Any CPU.Build.0 = Release|Any CPU
		{A1D7454B-A4EC-426F-8F85-410DCF796585}.Debug|Any CPU.ActiveCfg = Debug|Any CPU
		{A1D7454B-A4EC-426F-8F85-410DCF796585}.Debug|Any CPU.Build.0 = Debug|Any CPU
		{A1D7454B-A4EC-426F-8F85-410DCF796585}.Release|Any CPU.ActiveCfg = Release|Any CPU
		{A1D7454B-A4EC-426F-8F85-410DCF796585}.Release|Any CPU.Build.0 = Release|Any CPU
		{E661BF05-6465-474E-8E52-66952472C2E7}.Debug|Any CPU.ActiveCfg = Debug|Any CPU
		{E661BF05-6465-474E-8E52-66952472C2E7}.Debug|Any CPU.Build.0 = Debug|Any CPU
		{E661BF05-6465-474E-8E52-66952472C2E7}.Release|Any CPU.ActiveCfg = Release|Any CPU
		{E661BF05-6465-474E-8E52-66952472C2E7}.Release|Any CPU.Build.0 = Release|Any CPU
		{A17E57C7-C7E1-4CDC-9115-AE8FF7E1FED0}.Debug|Any CPU.ActiveCfg = Debug|Any CPU
		{A17E57C7-C7E1-4CDC-9115-AE8FF7E1FED0}.Debug|Any CPU.Build.0 = Debug|Any CPU
		{A17E57C7-C7E1-4CDC-9115-AE8FF7E1FED0}.Release|Any CPU.ActiveCfg = Release|Any CPU
		{A17E57C7-C7E1-4CDC-9115-AE8FF7E1FED0}.Release|Any CPU.Build.0 = Release|Any CPU
		{A59B33C0-2116-4D90-ABB4-C5E970D1FEFE}.Debug|Any CPU.ActiveCfg = Debug|Any CPU
		{A59B33C0-2116-4D90-ABB4-C5E970D1FEFE}.Debug|Any CPU.Build.0 = Debug|Any CPU
		{A59B33C0-2116-4D90-ABB4-C5E970D1FEFE}.Release|Any CPU.ActiveCfg = Release|Any CPU
		{A59B33C0-2116-4D90-ABB4-C5E970D1FEFE}.Release|Any CPU.Build.0 = Release|Any CPU
		{BF2AF256-A14E-447A-BF15-3E6BAA766711}.Debug|Any CPU.ActiveCfg = Debug|Any CPU
		{BF2AF256-A14E-447A-BF15-3E6BAA766711}.Debug|Any CPU.Build.0 = Debug|Any CPU
		{BF2AF256-A14E-447A-BF15-3E6BAA766711}.Release|Any CPU.ActiveCfg = Release|Any CPU
		{BF2AF256-A14E-447A-BF15-3E6BAA766711}.Release|Any CPU.Build.0 = Release|Any CPU
		{27C8D7EF-38CE-44ED-9578-7D0246F62F97}.Debug|Any CPU.ActiveCfg = Debug|Any CPU
		{27C8D7EF-38CE-44ED-9578-7D0246F62F97}.Debug|Any CPU.Build.0 = Debug|Any CPU
		{27C8D7EF-38CE-44ED-9578-7D0246F62F97}.Release|Any CPU.ActiveCfg = Release|Any CPU
		{27C8D7EF-38CE-44ED-9578-7D0246F62F97}.Release|Any CPU.Build.0 = Release|Any CPU
		{E4ED1D0C-CB89-439E-A252-C5FB6A1CA173}.Debug|Any CPU.ActiveCfg = Debug|Any CPU
		{E4ED1D0C-CB89-439E-A252-C5FB6A1CA173}.Debug|Any CPU.Build.0 = Debug|Any CPU
		{E4ED1D0C-CB89-439E-A252-C5FB6A1CA173}.Release|Any CPU.ActiveCfg = Release|Any CPU
		{E4ED1D0C-CB89-439E-A252-C5FB6A1CA173}.Release|Any CPU.Build.0 = Release|Any CPU
		{2D887210-C52A-4B8F-895F-82F4634E60AB}.Debug|Any CPU.ActiveCfg = Debug|Any CPU
		{2D887210-C52A-4B8F-895F-82F4634E60AB}.Debug|Any CPU.Build.0 = Debug|Any CPU
		{2D887210-C52A-4B8F-895F-82F4634E60AB}.Release|Any CPU.ActiveCfg = Release|Any CPU
		{2D887210-C52A-4B8F-895F-82F4634E60AB}.Release|Any CPU.Build.0 = Release|Any CPU
		{CF93EA18-1093-46FC-9F05-DD80E9BFBA94}.Debug|Any CPU.ActiveCfg = Debug|Any CPU
		{CF93EA18-1093-46FC-9F05-DD80E9BFBA94}.Debug|Any CPU.Build.0 = Debug|Any CPU
		{CF93EA18-1093-46FC-9F05-DD80E9BFBA94}.Release|Any CPU.ActiveCfg = Release|Any CPU
		{CF93EA18-1093-46FC-9F05-DD80E9BFBA94}.Release|Any CPU.Build.0 = Release|Any CPU
		{8814186C-5A7F-4F27-886D-3538500F1CC4}.Debug|Any CPU.ActiveCfg = Debug|Any CPU
		{8814186C-5A7F-4F27-886D-3538500F1CC4}.Debug|Any CPU.Build.0 = Debug|Any CPU
		{8814186C-5A7F-4F27-886D-3538500F1CC4}.Release|Any CPU.ActiveCfg = Release|Any CPU
		{8814186C-5A7F-4F27-886D-3538500F1CC4}.Release|Any CPU.Build.0 = Release|Any CPU
		{F25EA18F-BCA5-4718-B1D7-D0A47455B86D}.Debug|Any CPU.ActiveCfg = Debug|Any CPU
		{F25EA18F-BCA5-4718-B1D7-D0A47455B86D}.Debug|Any CPU.Build.0 = Debug|Any CPU
		{F25EA18F-BCA5-4718-B1D7-D0A47455B86D}.Release|Any CPU.ActiveCfg = Release|Any CPU
		{F25EA18F-BCA5-4718-B1D7-D0A47455B86D}.Release|Any CPU.Build.0 = Release|Any CPU
		{41C998E1-678F-4668-AC0F-C858B104E737}.Debug|Any CPU.ActiveCfg = Debug|Any CPU
		{41C998E1-678F-4668-AC0F-C858B104E737}.Debug|Any CPU.Build.0 = Debug|Any CPU
		{41C998E1-678F-4668-AC0F-C858B104E737}.Release|Any CPU.ActiveCfg = Release|Any CPU
		{41C998E1-678F-4668-AC0F-C858B104E737}.Release|Any CPU.Build.0 = Release|Any CPU
		{F488D82C-E25A-48BC-BEB7-345301206DCF}.Debug|Any CPU.ActiveCfg = Debug|Any CPU
		{F488D82C-E25A-48BC-BEB7-345301206DCF}.Debug|Any CPU.Build.0 = Debug|Any CPU
		{F488D82C-E25A-48BC-BEB7-345301206DCF}.Release|Any CPU.ActiveCfg = Release|Any CPU
		{F488D82C-E25A-48BC-BEB7-345301206DCF}.Release|Any CPU.Build.0 = Release|Any CPU
		{2ECDD3CA-9EB9-48B2-92A4-5DEAC4366437}.Debug|Any CPU.ActiveCfg = Debug|Any CPU
		{2ECDD3CA-9EB9-48B2-92A4-5DEAC4366437}.Debug|Any CPU.Build.0 = Debug|Any CPU
		{2ECDD3CA-9EB9-48B2-92A4-5DEAC4366437}.Release|Any CPU.ActiveCfg = Release|Any CPU
		{2ECDD3CA-9EB9-48B2-92A4-5DEAC4366437}.Release|Any CPU.Build.0 = Release|Any CPU
		{4B2C940F-84E5-4F11-AD91-A8761DEC9C1F}.Debug|Any CPU.ActiveCfg = Debug|Any CPU
		{4B2C940F-84E5-4F11-AD91-A8761DEC9C1F}.Debug|Any CPU.Build.0 = Debug|Any CPU
		{4B2C940F-84E5-4F11-AD91-A8761DEC9C1F}.Release|Any CPU.ActiveCfg = Release|Any CPU
		{4B2C940F-84E5-4F11-AD91-A8761DEC9C1F}.Release|Any CPU.Build.0 = Release|Any CPU
		{04B1033D-FEF7-41FC-840C-C7C92F42FCCF}.Debug|Any CPU.ActiveCfg = Debug|Any CPU
		{04B1033D-FEF7-41FC-840C-C7C92F42FCCF}.Debug|Any CPU.Build.0 = Debug|Any CPU
		{04B1033D-FEF7-41FC-840C-C7C92F42FCCF}.Release|Any CPU.ActiveCfg = Release|Any CPU
		{04B1033D-FEF7-41FC-840C-C7C92F42FCCF}.Release|Any CPU.Build.0 = Release|Any CPU
		{D2FAB97C-55FB-4861-B601-829A5521A893}.Debug|Any CPU.ActiveCfg = Debug|Any CPU
		{D2FAB97C-55FB-4861-B601-829A5521A893}.Debug|Any CPU.Build.0 = Debug|Any CPU
		{D2FAB97C-55FB-4861-B601-829A5521A893}.Release|Any CPU.ActiveCfg = Release|Any CPU
		{D2FAB97C-55FB-4861-B601-829A5521A893}.Release|Any CPU.Build.0 = Release|Any CPU
	EndGlobalSection
	GlobalSection(SolutionProperties) = preSolution
		HideSolutionNode = FALSE
	EndGlobalSection
	GlobalSection(ExtensibilityGlobals) = postSolution
		SolutionGuid = {2AB7CF86-A97D-48A3-902C-C66FC3FEF54C}
	EndGlobalSection
EndGlobal
